{
  "pins" : [
    {
      "identity" : "yookassapaymentsbinary",
      "kind" : "remoteSourceControl",
      "location" : "https://github.com/DmitryTetenyuk/YooKassaPaymentsBinary",
      "state" : {
        "revision" : "bd0361648b857c6910b9b59fe5905d5833fa8f8e"
      }
    }
  ],
  "version" : 2
}
